{
  "lockfileVersion": 1,
  "workspaces": {
    "": {
      "name": "basic-example",
      "dependencies": {
        "blade": "3.22.0",
        "react": "19.2.0",
        "react-dom": "19.2.0",
      },
      "devDependencies": {
        "@types/react": "19.1.4",
        "@types/react-dom": "19.1.5",
        "typescript": "5.9.2",
      },
    },
  },
  "packages": {
    "@ampproject/remapping": ["@ampproject/remapping@2.3.0", "", { "dependencies": { "@jridgewell/gen-mapping": "^0.3.5", "@jridgewell/trace-mapping": "^0.3.24" } }, "sha512-30iZtAPgz+LTIYoeivqYo853f02jBYSd5uGnGpkFV0M3xOt9aN73erkgYAmZU43x4VfqcnLxW9Kpg3R5LC4YYw=="],

    "@dprint/typescript": ["@dprint/typescript@0.95.11", "", {}, "sha512-eYPrFvR4+ScHMGGirTWS4uY4XTfxTY/VoVUzvDN9sKZUyvwTDW1wV1mbZj7dRFc8pV4HexvPfW5oKLShFSXr4w=="],

    "@emnapi/core": ["@emnapi/core@1.5.0", "", { "dependencies": { "@emnapi/wasi-threads": "1.1.0", "tslib": "^2.4.0" } }, "sha512-sbP8GzB1WDzacS8fgNPpHlp6C9VZe+SJP3F90W9rLemaQj2PzIuTEl1qDOYQf58YIpyjViI24y9aPWCjEzY2cg=="],

    "@emnapi/runtime": ["@emnapi/runtime@1.5.0", "", { "dependencies": { "tslib": "^2.4.0" } }, "sha512-97/BJ3iXHww3djw6hYIfErCZFee7qCtrneuLa20UXFCOTCfBM2cvQHjWJ2EG0s0MtdNwInarqCTz35i4wWXHsQ=="],

    "@emnapi/wasi-threads": ["@emnapi/wasi-threads@1.1.0", "", { "dependencies": { "tslib": "^2.4.0" } }, "sha512-WI0DdZ8xFSbgMjR1sFsKABJ/C5OnRrjT06JXbZKexJGrDuPTzZdDYfFlsgcCXCyf+suG5QU2e/y1Wo2V/OapLQ=="],

    "@inquirer/ansi": ["@inquirer/ansi@1.0.0", "", {}, "sha512-JWaTfCxI1eTmJ1BIv86vUfjVatOdxwD0DAVKYevY8SazeUUZtW+tNbsdejVO1GYE0GXJW1N1ahmiC3TFd+7wZA=="],

    "@inquirer/checkbox": ["@inquirer/checkbox@4.2.4", "", { "dependencies": { "@inquirer/ansi": "^1.0.0", "@inquirer/core": "^10.2.2", "@inquirer/figures": "^1.0.13", "@inquirer/type": "^3.0.8", "yoctocolors-cjs": "^2.1.2" }, "peerDependencies": { "@types/node": ">=18" }, "optionalPeers": ["@types/node"] }, "sha512-2n9Vgf4HSciFq8ttKXk+qy+GsyTXPV1An6QAwe/8bkbbqvG4VW1I/ZY1pNu2rf+h9bdzMLPbRSfcNxkHBy/Ydw=="],

    "@inquirer/confirm": ["@inquirer/confirm@5.1.18", "", { "dependencies": { "@inquirer/core": "^10.2.2", "@inquirer/type": "^3.0.8" }, "peerDependencies": { "@types/node": ">=18" }, "optionalPeers": ["@types/node"] }, "sha512-MilmWOzHa3Ks11tzvuAmFoAd/wRuaP3SwlT1IZhyMke31FKLxPiuDWcGXhU+PKveNOpAc4axzAgrgxuIJJRmLw=="],

    "@inquirer/core": ["@inquirer/core@10.2.2", "", { "dependencies": { "@inquirer/ansi": "^1.0.0", "@inquirer/figures": "^1.0.13", "@inquirer/type": "^3.0.8", "cli-width": "^4.1.0", "mute-stream": "^2.0.0", "signal-exit": "^4.1.0", "wrap-ansi": "^6.2.0", "yoctocolors-cjs": "^2.1.2" }, "peerDependencies": { "@types/node": ">=18" }, "optionalPeers": ["@types/node"] }, "sha512-yXq/4QUnk4sHMtmbd7irwiepjB8jXU0kkFRL4nr/aDBA2mDz13cMakEWdDwX3eSCTkk03kwcndD1zfRAIlELxA=="],

    "@inquirer/editor": ["@inquirer/editor@4.2.20", "", { "dependencies": { "@inquirer/core": "^10.2.2", "@inquirer/external-editor": "^1.0.2", "@inquirer/type": "^3.0.8" }, "peerDependencies": { "@types/node": ">=18" }, "optionalPeers": ["@types/node"] }, "sha512-7omh5y5bK672Q+Brk4HBbnHNowOZwrb/78IFXdrEB9PfdxL3GudQyDk8O9vQ188wj3xrEebS2M9n18BjJoI83g=="],

    "@inquirer/expand": ["@inquirer/expand@4.0.20", "", { "dependencies": { "@inquirer/core": "^10.2.2", "@inquirer/type": "^3.0.8", "yoctocolors-cjs": "^2.1.2" }, "peerDependencies": { "@types/node": ">=18" }, "optionalPeers": ["@types/node"] }, "sha512-Dt9S+6qUg94fEvgn54F2Syf0Z3U8xmnBI9ATq2f5h9xt09fs2IJXSCIXyyVHwvggKWFXEY/7jATRo2K6Dkn6Ow=="],

    "@inquirer/external-editor": ["@inquirer/external-editor@1.0.2", "", { "dependencies": { "chardet": "^2.1.0", "iconv-lite": "^0.7.0" }, "peerDependencies": { "@types/node": ">=18" }, "optionalPeers": ["@types/node"] }, "sha512-yy9cOoBnx58TlsPrIxauKIFQTiyH+0MK4e97y4sV9ERbI+zDxw7i2hxHLCIEGIE/8PPvDxGhgzIOTSOWcs6/MQ=="],

    "@inquirer/figures": ["@inquirer/figures@1.0.13", "", {}, "sha512-lGPVU3yO9ZNqA7vTYz26jny41lE7yoQansmqdMLBEfqaGsmdg7V3W9mK9Pvb5IL4EVZ9GnSDGMO/cJXud5dMaw=="],

    "@inquirer/input": ["@inquirer/input@4.2.4", "", { "dependencies": { "@inquirer/core": "^10.2.2", "@inquirer/type": "^3.0.8" }, "peerDependencies": { "@types/node": ">=18" }, "optionalPeers": ["@types/node"] }, "sha512-cwSGpLBMwpwcZZsc6s1gThm0J+it/KIJ+1qFL2euLmSKUMGumJ5TcbMgxEjMjNHRGadouIYbiIgruKoDZk7klw=="],

    "@inquirer/number": ["@inquirer/number@3.0.20", "", { "dependencies": { "@inquirer/core": "^10.2.2", "@inquirer/type": "^3.0.8" }, "peerDependencies": { "@types/node": ">=18" }, "optionalPeers": ["@types/node"] }, "sha512-bbooay64VD1Z6uMfNehED2A2YOPHSJnQLs9/4WNiV/EK+vXczf/R988itL2XLDGTgmhMF2KkiWZo+iEZmc4jqg=="],

    "@inquirer/password": ["@inquirer/password@4.0.20", "", { "dependencies": { "@inquirer/ansi": "^1.0.0", "@inquirer/core": "^10.2.2", "@inquirer/type": "^3.0.8" }, "peerDependencies": { "@types/node": ">=18" }, "optionalPeers": ["@types/node"] }, "sha512-nxSaPV2cPvvoOmRygQR+h0B+Av73B01cqYLcr7NXcGXhbmsYfUb8fDdw2Us1bI2YsX+VvY7I7upgFYsyf8+Nug=="],

    "@inquirer/prompts": ["@inquirer/prompts@7.8.6", "", { "dependencies": { "@inquirer/checkbox": "^4.2.4", "@inquirer/confirm": "^5.1.18", "@inquirer/editor": "^4.2.20", "@inquirer/expand": "^4.0.20", "@inquirer/input": "^4.2.4", "@inquirer/number": "^3.0.20", "@inquirer/password": "^4.0.20", "@inquirer/rawlist": "^4.1.8", "@inquirer/search": "^3.1.3", "@inquirer/select": "^4.3.4" }, "peerDependencies": { "@types/node": ">=18" }, "optionalPeers": ["@types/node"] }, "sha512-68JhkiojicX9SBUD8FE/pSKbOKtwoyaVj1kwqLfvjlVXZvOy3iaSWX4dCLsZyYx/5Ur07Fq+yuDNOen+5ce6ig=="],

    "@inquirer/rawlist": ["@inquirer/rawlist@4.1.8", "", { "dependencies": { "@inquirer/core": "^10.2.2", "@inquirer/type": "^3.0.8", "yoctocolors-cjs": "^2.1.2" }, "peerDependencies": { "@types/node": ">=18" }, "optionalPeers": ["@types/node"] }, "sha512-CQ2VkIASbgI2PxdzlkeeieLRmniaUU1Aoi5ggEdm6BIyqopE9GuDXdDOj9XiwOqK5qm72oI2i6J+Gnjaa26ejg=="],

    "@inquirer/search": ["@inquirer/search@3.1.3", "", { "dependencies": { "@inquirer/core": "^10.2.2", "@inquirer/figures": "^1.0.13", "@inquirer/type": "^3.0.8", "yoctocolors-cjs": "^2.1.2" }, "peerDependencies": { "@types/node": ">=18" }, "optionalPeers": ["@types/node"] }, "sha512-D5T6ioybJJH0IiSUK/JXcoRrrm8sXwzrVMjibuPs+AgxmogKslaafy1oxFiorNI4s3ElSkeQZbhYQgLqiL8h6Q=="],

    "@inquirer/select": ["@inquirer/select@4.3.4", "", { "dependencies": { "@inquirer/ansi": "^1.0.0", "@inquirer/core": "^10.2.2", "@inquirer/figures": "^1.0.13", "@inquirer/type": "^3.0.8", "yoctocolors-cjs": "^2.1.2" }, "peerDependencies": { "@types/node": ">=18" }, "optionalPeers": ["@types/node"] }, "sha512-Qp20nySRmfbuJBBsgPU7E/cL62Hf250vMZRzYDcBHty2zdD1kKCnoDFWRr0WO2ZzaXp3R7a4esaVGJUx0E6zvA=="],

    "@inquirer/type": ["@inquirer/type@3.0.8", "", { "peerDependencies": { "@types/node": ">=18" }, "optionalPeers": ["@types/node"] }, "sha512-lg9Whz8onIHRthWaN1Q9EGLa/0LFJjyM8mEUbL1eTi6yMGvBf8gvyDLtxSXztQsxMvhxxNpJYrwa1YHdq+w4Jw=="],

    "@isaacs/fs-minipass": ["@isaacs/fs-minipass@4.0.1", "", { "dependencies": { "minipass": "^7.0.4" } }, "sha512-wgm9Ehl2jpeqP3zw/7mo3kRHFp5MEDhqAdwy1fTGkHAwnkGOVsgpvQhL8B5n1qlb01jV3n/bI0ZfZp5lWA1k4w=="],

    "@jridgewell/gen-mapping": ["@jridgewell/gen-mapping@0.3.13", "", { "dependencies": { "@jridgewell/sourcemap-codec": "^1.5.0", "@jridgewell/trace-mapping": "^0.3.24" } }, "sha512-2kkt/7niJ6MgEPxF0bYdQ6etZaA+fQvDcLKckhy1yIQOzaoKjBBjSj63/aLVjYE3qhRt5dvM+uUyfCg6UKCBbA=="],

    "@jridgewell/resolve-uri": ["@jridgewell/resolve-uri@3.1.2", "", {}, "sha512-bRISgCIjP20/tbWSPWMEi54QVPRZExkuD9lJL+UIxUKtwVJA8wW1Trb1jMs1RFXo1CBTNZ/5hpC9QvmKWdopKw=="],

    "@jridgewell/sourcemap-codec": ["@jridgewell/sourcemap-codec@1.5.5", "", {}, "sha512-cYQ9310grqxueWbl+WuIUIaiUaDcj7WOq5fVhEljNVgRfOUhY9fy2zTvfoqWsnebh8Sl70VScFbICvJnLKB0Og=="],

    "@jridgewell/trace-mapping": ["@jridgewell/trace-mapping@0.3.30", "", { "dependencies": { "@jridgewell/resolve-uri": "^3.1.0", "@jridgewell/sourcemap-codec": "^1.4.14" } }, "sha512-GQ7Nw5G2lTu/BtHTKfXhKHok2WGetd4XYcVKGx00SjAk8GMwgJM3zr6zORiPGuOE+/vkc90KtTosSSvaCjKb2Q=="],

    "@napi-rs/wasm-runtime": ["@napi-rs/wasm-runtime@1.0.7", "", { "dependencies": { "@emnapi/core": "^1.5.0", "@emnapi/runtime": "^1.5.0", "@tybys/wasm-util": "^0.10.1" } }, "sha512-SeDnOO0Tk7Okiq6DbXmmBODgOAb9dp9gjlphokTUxmt8U3liIP1ZsozBahH69j/RJv+Rfs6IwUKHTgQYJ/HBAw=="],

    "@oxc-project/types": ["@oxc-project/types@0.93.0", "", {}, "sha512-yNtwmWZIBtJsMr5TEfoZFDxIWV6OdScOpza/f5YxbqUMJk+j6QX3Cf3jgZShGEFYWQJ5j9mJ6jM0tZHu2J9Yrg=="],

    "@rolldown/binding-android-arm64": ["@rolldown/binding-android-arm64@1.0.0-beta.41", "", { "os": "android", "cpu": "arm64" }, "sha512-Edflndd9lU7JVhVIvJlZhdCj5DkhYDJPIRn4Dx0RUdfc8asP9xHOI5gMd8MesDDx+BJpdIT/uAmVTearteU/mQ=="],

    "@rolldown/binding-darwin-arm64": ["@rolldown/binding-darwin-arm64@1.0.0-beta.41", "", { "os": "darwin", "cpu": "arm64" }, "sha512-XGCzqfjdk7550PlyZRTBKbypXrB7ATtXhw/+bjtxnklLQs0mKP/XkQVOKyn9qGKSlvH8I56JLYryVxl0PCvSNw=="],

    "@rolldown/binding-darwin-x64": ["@rolldown/binding-darwin-x64@1.0.0-beta.41", "", { "os": "darwin", "cpu": "x64" }, "sha512-Ho6lIwGJed98zub7n0xcRKuEtnZgbxevAmO4x3zn3C3N4GVXZD5xvCvTVxSMoeBJwTcIYzkVDRTIhylQNsTgLQ=="],

    "@rolldown/binding-freebsd-x64": ["@rolldown/binding-freebsd-x64@1.0.0-beta.41", "", { "os": "freebsd", "cpu": "x64" }, "sha512-ijAZETywvL+gACjbT4zBnCp5ez1JhTRs6OxRN4J+D6AzDRbU2zb01Esl51RP5/8ZOlvB37xxsRQ3X4YRVyYb3g=="],

    "@rolldown/binding-linux-arm-gnueabihf": ["@rolldown/binding-linux-arm-gnueabihf@1.0.0-beta.41", "", { "os": "linux", "cpu": "arm" }, "sha512-EgIOZt7UildXKFEFvaiLNBXm+4ggQyGe3E5Z1QP9uRcJJs9omihOnm897FwOBQdCuMvI49iBgjFrkhH+wMJ2MA=="],

    "@rolldown/binding-linux-arm64-gnu": ["@rolldown/binding-linux-arm64-gnu@1.0.0-beta.41", "", { "os": "linux", "cpu": "arm64" }, "sha512-F8bUwJq8v/JAU8HSwgF4dztoqJ+FjdyjuvX4//3+Fbe2we9UktFeZ27U4lRMXF1vxWtdV4ey6oCSqI7yUrSEeg=="],

    "@rolldown/binding-linux-arm64-musl": ["@rolldown/binding-linux-arm64-musl@1.0.0-beta.41", "", { "os": "linux", "cpu": "arm64" }, "sha512-MioXcCIX/wB1pBnBoJx8q4OGucUAfC1+/X1ilKFsjDK05VwbLZGRgOVD5OJJpUQPK86DhQciNBrfOKDiatxNmg=="],

    "@rolldown/binding-linux-x64-gnu": ["@rolldown/binding-linux-x64-gnu@1.0.0-beta.41", "", { "os": "linux", "cpu": "x64" }, "sha512-m66M61fizvRCwt5pOEiZQMiwBL9/y0bwU/+Kc4Ce/Pef6YfoEkR28y+DzN9rMdjo8Z28NXjsDPq9nH4mXnAP0g=="],

    "@rolldown/binding-linux-x64-musl": ["@rolldown/binding-linux-x64-musl@1.0.0-beta.41", "", { "os": "linux", "cpu": "x64" }, "sha512-yRxlSfBvWnnfrdtJfvi9lg8xfG5mPuyoSHm0X01oiE8ArmLRvoJGHUTJydCYz+wbK2esbq5J4B4Tq9WAsOlP1Q=="],

    "@rolldown/binding-openharmony-arm64": ["@rolldown/binding-openharmony-arm64@1.0.0-beta.41", "", { "os": "none", "cpu": "arm64" }, "sha512-PHVxYhBpi8UViS3/hcvQQb9RFqCtvFmFU1PvUoTRiUdBtgHA6fONNHU4x796lgzNlVSD3DO/MZNk1s5/ozSMQg=="],

    "@rolldown/binding-wasm32-wasi": ["@rolldown/binding-wasm32-wasi@1.0.0-beta.41", "", { "dependencies": { "@napi-rs/wasm-runtime": "^1.0.5" }, "cpu": "none" }, "sha512-OAfcO37ME6GGWmj9qTaDT7jY4rM0T2z0/8ujdQIJQ2x2nl+ztO32EIwURfmXOK0U1tzkyuaKYvE34Pug/ucXlQ=="],

    "@rolldown/binding-win32-arm64-msvc": ["@rolldown/binding-win32-arm64-msvc@1.0.0-beta.41", "", { "os": "win32", "cpu": "arm64" }, "sha512-NIYGuCcuXaq5BC4Q3upbiMBvmZsTsEPG9k/8QKQdmrch+ocSy5Jv9tdpdmXJyighKqm182nh/zBt+tSJkYoNlg=="],

    "@rolldown/binding-win32-ia32-msvc": ["@rolldown/binding-win32-ia32-msvc@1.0.0-beta.41", "", { "os": "win32", "cpu": "ia32" }, "sha512-kANdsDbE5FkEOb5NrCGBJBCaZ2Sabp3D7d4PRqMYJqyLljwh9mDyYyYSv5+QNvdAmifj+f3lviNEUUuUZPEFPw=="],

    "@rolldown/binding-win32-x64-msvc": ["@rolldown/binding-win32-x64-msvc@1.0.0-beta.41", "", { "os": "win32", "cpu": "x64" }, "sha512-UlpxKmFdik0Y2VjZrgUCgoYArZJiZllXgIipdBRV1hw6uK45UbQabSTW6Kp6enuOu7vouYWftwhuxfpE8J2JAg=="],

    "@rolldown/pluginutils": ["@rolldown/pluginutils@1.0.0-beta.41", "", {}, "sha512-ycMEPrS3StOIeb87BT3/+bu+blEtyvwQ4zmo2IcJQy0Rd1DAAhKksA0iUZ3MYSpJtjlPhg0Eo6mvVS6ggPhRbw=="],

    "@stefanprobst/rehype-extract-toc": ["@stefanprobst/rehype-extract-toc@3.0.0", "", { "dependencies": { "estree-util-is-identifier-name": "^3.0.0", "estree-util-value-to-estree": "^3.3.3", "hast-util-heading-rank": "^3.0.0", "hast-util-to-string": "^3.0.1", "unist-util-visit": "^5.0.0" } }, "sha512-ZnmL6g8DydunVa2/Vk54PTPC+Ib096Xwvd/mqhK/mqsTh6jaiLZFAvM3FUsOiio0oeVpUDb1jbBPePfA9m/NRg=="],

    "@tailwindcss/node": ["@tailwindcss/node@4.1.6", "", { "dependencies": { "@ampproject/remapping": "^2.3.0", "enhanced-resolve": "^5.18.1", "jiti": "^2.4.2", "lightningcss": "1.29.2", "magic-string": "^0.30.17", "source-map-js": "^1.2.1", "tailwindcss": "4.1.6" } }, "sha512-ed6zQbgmKsjsVvodAS1q1Ld2BolEuxJOSyyNc+vhkjdmfNUDCmQnlXBfQkHrlzNmslxHsQU/bFmzcEbv4xXsLg=="],

    "@tailwindcss/oxide": ["@tailwindcss/oxide@4.1.6", "", { "dependencies": { "detect-libc": "^2.0.4", "tar": "^7.4.3" }, "optionalDependencies": { "@tailwindcss/oxide-android-arm64": "4.1.6", "@tailwindcss/oxide-darwin-arm64": "4.1.6", "@tailwindcss/oxide-darwin-x64": "4.1.6", "@tailwindcss/oxide-freebsd-x64": "4.1.6", "@tailwindcss/oxide-linux-arm-gnueabihf": "4.1.6", "@tailwindcss/oxide-linux-arm64-gnu": "4.1.6", "@tailwindcss/oxide-linux-arm64-musl": "4.1.6", "@tailwindcss/oxide-linux-x64-gnu": "4.1.6", "@tailwindcss/oxide-linux-x64-musl": "4.1.6", "@tailwindcss/oxide-wasm32-wasi": "4.1.6", "@tailwindcss/oxide-win32-arm64-msvc": "4.1.6", "@tailwindcss/oxide-win32-x64-msvc": "4.1.6" } }, "sha512-0bpEBQiGx+227fW4G0fLQ8vuvyy5rsB1YIYNapTq3aRsJ9taF3f5cCaovDjN5pUGKKzcpMrZst/mhNaKAPOHOA=="],

    "@tailwindcss/oxide-android-arm64": ["@tailwindcss/oxide-android-arm64@4.1.6", "", { "os": "android", "cpu": "arm64" }, "sha512-VHwwPiwXtdIvOvqT/0/FLH/pizTVu78FOnI9jQo64kSAikFSZT7K4pjyzoDpSMaveJTGyAKvDjuhxJxKfmvjiQ=="],

    "@tailwindcss/oxide-darwin-arm64": ["@tailwindcss/oxide-darwin-arm64@4.1.6", "", { "os": "darwin", "cpu": "arm64" }, "sha512-weINOCcqv1HVBIGptNrk7c6lWgSFFiQMcCpKM4tnVi5x8OY2v1FrV76jwLukfT6pL1hyajc06tyVmZFYXoxvhQ=="],

    "@tailwindcss/oxide-darwin-x64": ["@tailwindcss/oxide-darwin-x64@4.1.6", "", { "os": "darwin", "cpu": "x64" }, "sha512-3FzekhHG0ww1zQjQ1lPoq0wPrAIVXAbUkWdWM8u5BnYFZgb9ja5ejBqyTgjpo5mfy0hFOoMnMuVDI+7CXhXZaQ=="],

    "@tailwindcss/oxide-freebsd-x64": ["@tailwindcss/oxide-freebsd-x64@4.1.6", "", { "os": "freebsd", "cpu": "x64" }, "sha512-4m5F5lpkBZhVQJq53oe5XgJ+aFYWdrgkMwViHjRsES3KEu2m1udR21B1I77RUqie0ZYNscFzY1v9aDssMBZ/1w=="],

    "@tailwindcss/oxide-linux-arm-gnueabihf": ["@tailwindcss/oxide-linux-arm-gnueabihf@4.1.6", "", { "os": "linux", "cpu": "arm" }, "sha512-qU0rHnA9P/ZoaDKouU1oGPxPWzDKtIfX7eOGi5jOWJKdxieUJdVV+CxWZOpDWlYTd4N3sFQvcnVLJWJ1cLP5TA=="],

    "@tailwindcss/oxide-linux-arm64-gnu": ["@tailwindcss/oxide-linux-arm64-gnu@4.1.6", "", { "os": "linux", "cpu": "arm64" }, "sha512-jXy3TSTrbfgyd3UxPQeXC3wm8DAgmigzar99Km9Sf6L2OFfn/k+u3VqmpgHQw5QNfCpPe43em6Q7V76Wx7ogIQ=="],

    "@tailwindcss/oxide-linux-arm64-musl": ["@tailwindcss/oxide-linux-arm64-musl@4.1.6", "", { "os": "linux", "cpu": "arm64" }, "sha512-8kjivE5xW0qAQ9HX9reVFmZj3t+VmljDLVRJpVBEoTR+3bKMnvC7iLcoSGNIUJGOZy1mLVq7x/gerVg0T+IsYw=="],

    "@tailwindcss/oxide-linux-x64-gnu": ["@tailwindcss/oxide-linux-x64-gnu@4.1.6", "", { "os": "linux", "cpu": "x64" }, "sha512-A4spQhwnWVpjWDLXnOW9PSinO2PTKJQNRmL/aIl2U/O+RARls8doDfs6R41+DAXK0ccacvRyDpR46aVQJJCoCg=="],

    "@tailwindcss/oxide-linux-x64-musl": ["@tailwindcss/oxide-linux-x64-musl@4.1.6", "", { "os": "linux", "cpu": "x64" }, "sha512-YRee+6ZqdzgiQAHVSLfl3RYmqeeaWVCk796MhXhLQu2kJu2COHBkqlqsqKYx3p8Hmk5pGCQd2jTAoMWWFeyG2A=="],

    "@tailwindcss/oxide-wasm32-wasi": ["@tailwindcss/oxide-wasm32-wasi@4.1.6", "", { "dependencies": { "@emnapi/core": "^1.4.3", "@emnapi/runtime": "^1.4.3", "@emnapi/wasi-threads": "^1.0.2", "@napi-rs/wasm-runtime": "^0.2.9", "@tybys/wasm-util": "^0.9.0", "tslib": "^2.8.0" }, "cpu": "none" }, "sha512-qAp4ooTYrBQ5pk5jgg54/U1rCJ/9FLYOkkQ/nTE+bVMseMfB6O7J8zb19YTpWuu4UdfRf5zzOrNKfl6T64MNrQ=="],

    "@tailwindcss/oxide-win32-arm64-msvc": ["@tailwindcss/oxide-win32-arm64-msvc@4.1.6", "", { "os": "win32", "cpu": "arm64" }, "sha512-nqpDWk0Xr8ELO/nfRUDjk1pc9wDJ3ObeDdNMHLaymc4PJBWj11gdPCWZFKSK2AVKjJQC7J2EfmSmf47GN7OuLg=="],

    "@tailwindcss/oxide-win32-x64-msvc": ["@tailwindcss/oxide-win32-x64-msvc@4.1.6", "", { "os": "win32", "cpu": "x64" }, "sha512-5k9xF33xkfKpo9wCvYcegQ21VwIBU1/qEbYlVukfEIyQbEA47uK8AAwS7NVjNE3vHzcmxMYwd0l6L4pPjjm1rQ=="],

    "@tybys/wasm-util": ["@tybys/wasm-util@0.10.1", "", { "dependencies": { "tslib": "^2.4.0" } }, "sha512-9tTaPJLSiejZKx+Bmog4uSubteqTvFrVrURwkmHixBo0G4seD0zUxp98E1DzUBJxLQ3NPwXrGKDiVjwx/DpPsg=="],

    "@types/bun": ["@types/bun@1.3.0", "", { "dependencies": { "bun-types": "1.3.0" } }, "sha512-+lAGCYjXjip2qY375xX/scJeVRmZ5cY0wyHYyCYxNcdEXrQ4AOe3gACgd4iQ8ksOslJtW4VNxBJ8llUwc3a6AA=="],

    "@types/estree": ["@types/estree@1.0.8", "", {}, "sha512-dWHzHa2WqEXI/O1E9OjrocMTKJl2mSrEolh1Iomrv6U+JuNwaHXsXx9bLu5gG7BUWFIN0skIQJQ/L1rIex4X6w=="],

    "@types/hast": ["@types/hast@3.0.4", "", { "dependencies": { "@types/unist": "*" } }, "sha512-WPs+bbQw5aCj+x6laNGWLH3wviHtoCv/P3+otBhbOhJgG8qtpdAMlTCxLtsTWA7LH1Oh/bFCHsBn0TPS5m30EQ=="],

    "@types/node": ["@types/node@24.2.1", "", { "dependencies": { "undici-types": "~7.10.0" } }, "sha512-DRh5K+ka5eJic8CjH7td8QpYEV6Zo10gfRkjHCO3weqZHWDtAaSTFtl4+VMqOJ4N5jcuhZ9/l+yy8rVgw7BQeQ=="],

    "@types/react": ["@types/react@19.1.4", "", { "dependencies": { "csstype": "^3.0.2" } }, "sha512-EB1yiiYdvySuIITtD5lhW4yPyJ31RkJkkDw794LaQYrxCSaQV/47y5o1FMC4zF9ZyjUjzJMZwbovEnT5yHTW6g=="],

    "@types/react-dom": ["@types/react-dom@19.1.5", "", { "peerDependencies": { "@types/react": "^19.0.0" } }, "sha512-CMCjrWucUBZvohgZxkjd6S9h0nZxXjzus6yDfUb+xLxYM7VvjKNH1tQrE9GWLql1XoOP4/Ds3bwFqShHUYraGg=="],

    "@types/tinycolor2": ["@types/tinycolor2@1.4.6", "", {}, "sha512-iEN8J0BoMnsWBqjVbWH/c0G0Hh7O21lpR2/+PrvAVgWdzL7eexIFm4JN/Wn10PTcmNdtS6U67r499mlWMXOxNw=="],

    "@types/unist": ["@types/unist@3.0.3", "", {}, "sha512-ko/gIFJRv177XgZsZcBwnqJN5x/Gien8qNOn0D5bQU/zAzVf9Zt3BlcUiLqhV9y4ARk0GbT3tnUiPNgnTXzc/Q=="],

    "ansi-regex": ["ansi-regex@5.0.1", "", {}, "sha512-quJQXlTSUGL2LH9SUXo8VwsY4soanhgo6LNSm84E1LBcE8s3O0wpdiRzyR9z/ZZJMlMWv37qOOb9pdJlMUEKFQ=="],

    "ansi-styles": ["ansi-styles@4.3.0", "", { "dependencies": { "color-convert": "^2.0.1" } }, "sha512-zbB9rCJAT1rbjiVDb2hqKFHNYLxgtk8NURxZ3IZwD3F6NtxbXZQCnnSi1Lkx+IDohdPlFp222wVALIheZJQSEg=="],

    "ansis": ["ansis@4.2.0", "", {}, "sha512-HqZ5rWlFjGiV0tDm3UxxgNRqsOTniqoKZu0pIAfh7TZQMGuZK+hH0drySty0si0QXj1ieop4+SkSfPZBPPkHig=="],

    "blade": ["blade@3.22.0", "", { "dependencies": { "@dprint/typescript": "0.95.11", "@inquirer/prompts": "7.8.6", "@stefanprobst/rehype-extract-toc": "3.0.0", "@tailwindcss/node": "4.1.6", "@tailwindcss/oxide": "4.1.6", "dotenv": "16.5.0", "gradient-string": "3.0.0", "hive": "2.1.4", "resolve-from": "5.0.0", "rolldown": "1.0.0-beta.41" }, "bin": { "blade": "dist/private/shell/index.js" } }, "sha512-cxlM2FXiBaN2vZ4xxgjdAaUd6t7yImWs68x1kozhBdV90F2DlLc/MENwYXotjRTIdr053x8hVaPOxxVqBGn+4Q=="],

    "bun-types": ["bun-types@1.3.0", "", { "dependencies": { "@types/node": "*" }, "peerDependencies": { "@types/react": "^19" } }, "sha512-u8X0thhx+yJ0KmkxuEo9HAtdfgCBaM/aI9K90VQcQioAmkVp3SG3FkwWGibUFz3WdXAdcsqOcbU40lK7tbHdkQ=="],

    "chalk": ["chalk@5.5.0", "", {}, "sha512-1tm8DTaJhPBG3bIkVeZt1iZM9GfSX2lzOeDVZH9R9ffRHpmHvxZ/QhgQH/aDTkswQVt+YHdXAdS/In/30OjCbg=="],

    "chardet": ["chardet@2.1.0", "", {}, "sha512-bNFETTG/pM5ryzQ9Ad0lJOTa6HWD/YsScAR3EnCPZRPlQh77JocYktSHOUHelyhm8IARL+o4c4F1bP5KVOjiRA=="],

    "chownr": ["chownr@3.0.0", "", {}, "sha512-+IxzY9BZOQd/XuYPRmrvEVjF/nqj5kgT4kEq7VofrDoM1MxoRjEWkrCC3EtLi59TVawxTAn+orJwFQcrqEN1+g=="],

    "cli-width": ["cli-width@4.1.0", "", {}, "sha512-ouuZd4/dm2Sw5Gmqy6bGyNNNe1qt9RpmxveLSO7KcgsTnU7RXfsw+/bukWGo1abgBiMAic068rclZsO4IWmmxQ=="],

    "color-convert": ["color-convert@2.0.1", "", { "dependencies": { "color-name": "~1.1.4" } }, "sha512-RRECPsj7iu/xb5oKYcsFHSppFNnsj/52OVTRKb4zP5onXwVF3zVmmToNcOfGC+CRDpfK/U584fMg38ZHCaElKQ=="],

    "color-name": ["color-name@1.1.4", "", {}, "sha512-dOy+3AuW3a2wNbZHIuMZpTcgjGuLU/uBL/ubcZF9OXbDo8ff4O8yVp5Bf0efS8uEoYo5q4Fx7dY9OgQGXgAsQA=="],

    "csstype": ["csstype@3.1.3", "", {}, "sha512-M1uQkMl8rQK/szD0LNhtqxIPLpimGm8sOBwU7lLnCpSbTyY3yeU1Vc7l4KT5zT4s/yOxHH5O7tIuuLOCnLADRw=="],

    "detect-libc": ["detect-libc@2.0.4", "", {}, "sha512-3UDv+G9CsCKO1WKMGw9fwq/SWJYbI0c5Y7LU1AXYoDdbhE2AHQ6N6Nb34sG8Fj7T5APy8qXDCKuuIHd1BR0tVA=="],

    "dotenv": ["dotenv@16.5.0", "", {}, "sha512-m/C+AwOAr9/W1UOIZUo232ejMNnJAJtYQjUbHoNTBNTJSvqzzDh7vnrei3o3r3m9blf6ZoDkvcw0VmozNRFJxg=="],

    "drizzle-orm": ["drizzle-orm@0.44.5", "", { "peerDependencies": { "@aws-sdk/client-rds-data": ">=3", "@cloudflare/workers-types": ">=4", "@electric-sql/pglite": ">=0.2.0", "@libsql/client": ">=0.10.0", "@libsql/client-wasm": ">=0.10.0", "@neondatabase/serverless": ">=0.10.0", "@op-engineering/op-sqlite": ">=2", "@opentelemetry/api": "^1.4.1", "@planetscale/database": ">=1.13", "@prisma/client": "*", "@tidbcloud/serverless": "*", "@types/better-sqlite3": "*", "@types/pg": "*", "@types/sql.js": "*", "@upstash/redis": ">=1.34.7", "@vercel/postgres": ">=0.8.0", "@xata.io/client": "*", "better-sqlite3": ">=7", "bun-types": "*", "expo-sqlite": ">=14.0.0", "gel": ">=2", "knex": "*", "kysely": "*", "mysql2": ">=2", "pg": ">=8", "postgres": ">=3", "sql.js": ">=1", "sqlite3": ">=5" }, "optionalPeers": ["@aws-sdk/client-rds-data", "@cloudflare/workers-types", "@electric-sql/pglite", "@libsql/client", "@libsql/client-wasm", "@neondatabase/serverless", "@op-engineering/op-sqlite", "@opentelemetry/api", "@planetscale/database", "@prisma/client", "@tidbcloud/serverless", "@types/better-sqlite3", "@types/pg", "@types/sql.js", "@upstash/redis", "@vercel/postgres", "@xata.io/client", "better-sqlite3", "bun-types", "expo-sqlite", "gel", "knex", "kysely", "mysql2", "pg", "postgres", "sql.js", "sqlite3"] }, "sha512-jBe37K7d8ZSKptdKfakQFdeljtu3P2Cbo7tJoJSVZADzIKOBo9IAJPOmMsH2bZl90bZgh8FQlD8BjxXA/zuBkQ=="],

    "emoji-regex": ["emoji-regex@8.0.0", "", {}, "sha512-MSjYzcWNOA0ewAHpz0MxpYFvwg6yjy1NG3xteoqz644VCo/RPgnr1/GGt+ic3iJTzQ8Eu3TdM14SawnVUmGE6A=="],

    "enhanced-resolve": ["enhanced-resolve@5.18.3", "", { "dependencies": { "graceful-fs": "^4.2.4", "tapable": "^2.2.0" } }, "sha512-d4lC8xfavMeBjzGr2vECC3fsGXziXZQyJxD868h2M/mBI3PwAuODxAkLkq5HYuvrPYcUtiLzsTo8U3PgX3Ocww=="],

    "estree-util-is-identifier-name": ["estree-util-is-identifier-name@3.0.0", "", {}, "sha512-hFtqIDZTIUZ9BXLb8y4pYGyk6+wekIivNVTcmvk8NoOh+VeRn5y6cEHzbURrWbfp1fIqdVipilzj+lfaadNZmg=="],

    "estree-util-value-to-estree": ["estree-util-value-to-estree@3.4.0", "", { "dependencies": { "@types/estree": "^1.0.0" } }, "sha512-Zlp+gxis+gCfK12d3Srl2PdX2ybsEA8ZYy6vQGVQTNNYLEGRQQ56XB64bjemN8kxIKXP1nC9ip4Z+ILy9LGzvQ=="],

    "graceful-fs": ["graceful-fs@4.2.11", "", {}, "sha512-RbJ5/jmFcNNCcDV5o9eTnBLJ/HszWV0P73bc+Ff4nS/rJj+YaS6IGyiOL0VoBYX+l1Wrl3k63h/KrH+nhJ0XvQ=="],

    "gradient-string": ["gradient-string@3.0.0", "", { "dependencies": { "chalk": "^5.3.0", "tinygradient": "^1.1.5" } }, "sha512-frdKI4Qi8Ihp4C6wZNB565de/THpIaw3DjP5ku87M+N9rNSGmPTjfkq61SdRXB7eCaL8O1hkKDvf6CDMtOzIAg=="],

    "hast-util-heading-rank": ["hast-util-heading-rank@3.0.0", "", { "dependencies": { "@types/hast": "^3.0.0" } }, "sha512-EJKb8oMUXVHcWZTDepnr+WNbfnXKFNf9duMesmr4S8SXTJBJ9M4Yok08pu9vxdJwdlGRhVumk9mEhkEvKGifwA=="],

    "hast-util-to-string": ["hast-util-to-string@3.0.1", "", { "dependencies": { "@types/hast": "^3.0.0" } }, "sha512-XelQVTDWvqcl3axRfI0xSeoVKzyIFPwsAGSLIsKdJKQMXDYJS4WYrBNF/8J7RdhIcFI2BOHgAifggsvsxp/3+A=="],

    "hive": ["hive@2.1.4", "", { "dependencies": { "hono": "4.9.7", "zod": "4.1.8" }, "peerDependencies": { "@types/bun": "latest", "drizzle-orm": "0.44.5", "typescript": "5.9.2" } }, "sha512-KAlVErCjvBfWQS2lb02ZxQLHMc778MHHw4r0oWsXkW+AlIca9u9A9NiAt+I54wDhJrano4w023Y94ndmv6bbeQ=="],

    "hono": ["hono@4.9.7", "", {}, "sha512-t4Te6ERzIaC48W3x4hJmBwgNlLhmiEdEE5ViYb02ffw4ignHNHa5IBtPjmbKstmtKa8X6C35iWwK4HaqvrzG9w=="],

    "iconv-lite": ["iconv-lite@0.7.0", "", { "dependencies": { "safer-buffer": ">= 2.1.2 < 3.0.0" } }, "sha512-cf6L2Ds3h57VVmkZe+Pn+5APsT7FpqJtEhhieDCvrE2MK5Qk9MyffgQyuxQTm6BChfeZNtcOLHp9IcWRVcIcBQ=="],

    "is-fullwidth-code-point": ["is-fullwidth-code-point@3.0.0", "", {}, "sha512-zymm5+u+sCsSWyD9qNaejV3DFvhCKclKdizYaJUuHA83RLjb7nSuGnddCHGv0hk+KY7BMAlsWeK4Ueg6EV6XQg=="],

    "jiti": ["jiti@2.5.1", "", { "bin": { "jiti": "lib/jiti-cli.mjs" } }, "sha512-twQoecYPiVA5K/h6SxtORw/Bs3ar+mLUtoPSc7iMXzQzK8d7eJ/R09wmTwAjiamETn1cXYPGfNnu7DMoHgu12w=="],

    "lightningcss": ["lightningcss@1.29.2", "", { "dependencies": { "detect-libc": "^2.0.3" }, "optionalDependencies": { "lightningcss-darwin-arm64": "1.29.2", "lightningcss-darwin-x64": "1.29.2", "lightningcss-freebsd-x64": "1.29.2", "lightningcss-linux-arm-gnueabihf": "1.29.2", "lightningcss-linux-arm64-gnu": "1.29.2", "lightningcss-linux-arm64-musl": "1.29.2", "lightningcss-linux-x64-gnu": "1.29.2", "lightningcss-linux-x64-musl": "1.29.2", "lightningcss-win32-arm64-msvc": "1.29.2", "lightningcss-win32-x64-msvc": "1.29.2" } }, "sha512-6b6gd/RUXKaw5keVdSEtqFVdzWnU5jMxTUjA2bVcMNPLwSQ08Sv/UodBVtETLCn7k4S1Ibxwh7k68IwLZPgKaA=="],

    "lightningcss-darwin-arm64": ["lightningcss-darwin-arm64@1.29.2", "", { "os": "darwin", "cpu": "arm64" }, "sha512-cK/eMabSViKn/PG8U/a7aCorpeKLMlK0bQeNHmdb7qUnBkNPnL+oV5DjJUo0kqWsJUapZsM4jCfYItbqBDvlcA=="],

    "lightningcss-darwin-x64": ["lightningcss-darwin-x64@1.29.2", "", { "os": "darwin", "cpu": "x64" }, "sha512-j5qYxamyQw4kDXX5hnnCKMf3mLlHvG44f24Qyi2965/Ycz829MYqjrVg2H8BidybHBp9kom4D7DR5VqCKDXS0w=="],

    "lightningcss-freebsd-x64": ["lightningcss-freebsd-x64@1.29.2", "", { "os": "freebsd", "cpu": "x64" }, "sha512-wDk7M2tM78Ii8ek9YjnY8MjV5f5JN2qNVO+/0BAGZRvXKtQrBC4/cn4ssQIpKIPP44YXw6gFdpUF+Ps+RGsCwg=="],

    "lightningcss-linux-arm-gnueabihf": ["lightningcss-linux-arm-gnueabihf@1.29.2", "", { "os": "linux", "cpu": "arm" }, "sha512-IRUrOrAF2Z+KExdExe3Rz7NSTuuJ2HvCGlMKoquK5pjvo2JY4Rybr+NrKnq0U0hZnx5AnGsuFHjGnNT14w26sg=="],

    "lightningcss-linux-arm64-gnu": ["lightningcss-linux-arm64-gnu@1.29.2", "", { "os": "linux", "cpu": "arm64" }, "sha512-KKCpOlmhdjvUTX/mBuaKemp0oeDIBBLFiU5Fnqxh1/DZ4JPZi4evEH7TKoSBFOSOV3J7iEmmBaw/8dpiUvRKlQ=="],

    "lightningcss-linux-arm64-musl": ["lightningcss-linux-arm64-musl@1.29.2", "", { "os": "linux", "cpu": "arm64" }, "sha512-Q64eM1bPlOOUgxFmoPUefqzY1yV3ctFPE6d/Vt7WzLW4rKTv7MyYNky+FWxRpLkNASTnKQUaiMJ87zNODIrrKQ=="],

    "lightningcss-linux-x64-gnu": ["lightningcss-linux-x64-gnu@1.29.2", "", { "os": "linux", "cpu": "x64" }, "sha512-0v6idDCPG6epLXtBH/RPkHvYx74CVziHo6TMYga8O2EiQApnUPZsbR9nFNrg2cgBzk1AYqEd95TlrsL7nYABQg=="],

    "lightningcss-linux-x64-musl": ["lightningcss-linux-x64-musl@1.29.2", "", { "os": "linux", "cpu": "x64" }, "sha512-rMpz2yawkgGT8RULc5S4WiZopVMOFWjiItBT7aSfDX4NQav6M44rhn5hjtkKzB+wMTRlLLqxkeYEtQ3dd9696w=="],

    "lightningcss-win32-arm64-msvc": ["lightningcss-win32-arm64-msvc@1.29.2", "", { "os": "win32", "cpu": "arm64" }, "sha512-nL7zRW6evGQqYVu/bKGK+zShyz8OVzsCotFgc7judbt6wnB2KbiKKJwBE4SGoDBQ1O94RjW4asrCjQL4i8Fhbw=="],

    "lightningcss-win32-x64-msvc": ["lightningcss-win32-x64-msvc@1.29.2", "", { "os": "win32", "cpu": "x64" }, "sha512-EdIUW3B2vLuHmv7urfzMI/h2fmlnOQBk1xlsDxkN1tCWKjNFjfLhGxYk8C8mzpSfr+A6jFFIi8fU6LbQGsRWjA=="],

    "magic-string": ["magic-string@0.30.17", "", { "dependencies": { "@jridgewell/sourcemap-codec": "^1.5.0" } }, "sha512-sNPKHvyjVf7gyjwS4xGTaW/mCnF8wnjtifKBEhxfZ7E/S8tQ0rssrwGNn6q8JH/ohItJfSQp9mBtQYuTlH5QnA=="],

    "minipass": ["minipass@7.1.2", "", {}, "sha512-qOOzS1cBTWYF4BH8fVePDBOO9iptMnGUEZwNc/cMWnTV2nVLZ7VoNWEPHkYczZA0pdoA7dl6e7FL659nX9S2aw=="],

    "minizlib": ["minizlib@3.0.2", "", { "dependencies": { "minipass": "^7.1.2" } }, "sha512-oG62iEk+CYt5Xj2YqI5Xi9xWUeZhDI8jjQmC5oThVH5JGCTgIjr7ciJDzC7MBzYd//WvR1OTmP5Q38Q8ShQtVA=="],

    "mkdirp": ["mkdirp@3.0.1", "", { "bin": { "mkdirp": "dist/cjs/src/bin.js" } }, "sha512-+NsyUUAZDmo6YVHzL/stxSu3t9YS1iljliy3BSDrXJ/dkn1KYdmtZODGGjLcc9XLgVVpH4KshHB8XmZgMhaBXg=="],

    "mute-stream": ["mute-stream@2.0.0", "", {}, "sha512-WWdIxpyjEn+FhQJQQv9aQAYlHoNVdzIzUySNV1gHUPDSdZJ3yZn7pAAbQcV7B56Mvu881q9FZV+0Vx2xC44VWA=="],

    "react": ["react@19.2.0", "", {}, "sha512-tmbWg6W31tQLeB5cdIBOicJDJRR2KzXsV7uSK9iNfLWQ5bIZfxuPEHp7M8wiHyHnn0DD1i7w3Zmin0FtkrwoCQ=="],

    "react-dom": ["react-dom@19.2.0", "", { "dependencies": { "scheduler": "^0.27.0" }, "peerDependencies": { "react": "^19.2.0" } }, "sha512-UlbRu4cAiGaIewkPyiRGJk0imDN2T3JjieT6spoL2UeSf5od4n5LB/mQ4ejmxhCFT1tYe8IvaFulzynWovsEFQ=="],

    "resolve-from": ["resolve-from@5.0.0", "", {}, "sha512-qYg9KP24dD5qka9J47d0aVky0N+b4fTU89LN9iDnjB5waksiC49rvMB0PrUJQGoTmH50XPiqOvAjDfaijGxYZw=="],

    "rolldown": ["rolldown@1.0.0-beta.41", "", { "dependencies": { "@oxc-project/types": "=0.93.0", "@rolldown/pluginutils": "1.0.0-beta.41", "ansis": "=4.2.0" }, "optionalDependencies": { "@rolldown/binding-android-arm64": "1.0.0-beta.41", "@rolldown/binding-darwin-arm64": "1.0.0-beta.41", "@rolldown/binding-darwin-x64": "1.0.0-beta.41", "@rolldown/binding-freebsd-x64": "1.0.0-beta.41", "@rolldown/binding-linux-arm-gnueabihf": "1.0.0-beta.41", "@rolldown/binding-linux-arm64-gnu": "1.0.0-beta.41", "@rolldown/binding-linux-arm64-musl": "1.0.0-beta.41", "@rolldown/binding-linux-x64-gnu": "1.0.0-beta.41", "@rolldown/binding-linux-x64-musl": "1.0.0-beta.41", "@rolldown/binding-openharmony-arm64": "1.0.0-beta.41", "@rolldown/binding-wasm32-wasi": "1.0.0-beta.41", "@rolldown/binding-win32-arm64-msvc": "1.0.0-beta.41", "@rolldown/binding-win32-ia32-msvc": "1.0.0-beta.41", "@rolldown/binding-win32-x64-msvc": "1.0.0-beta.41" }, "bin": { "rolldown": "bin/cli.mjs" } }, "sha512-U+NPR0Bkg3wm61dteD2L4nAM1U9dtaqVrpDXwC36IKRHpEO/Ubpid4Nijpa2imPchcVNHfxVFwSSMJdwdGFUbg=="],

    "safer-buffer": ["safer-buffer@2.1.2", "", {}, "sha512-YZo3K82SD7Riyi0E1EQPojLz7kpepnSQI9IyPbHHg1XXXevb5dJI7tpyN2ADxGcQbHG7vcyRHk0cbwqcQriUtg=="],

    "scheduler": ["scheduler@0.27.0", "", {}, "sha512-eNv+WrVbKu1f3vbYJT/xtiF5syA5HPIMtf9IgY/nKg0sWqzAUEvqY/xm7OcZc/qafLx/iO9FgOmeSAp4v5ti/Q=="],

    "signal-exit": ["signal-exit@4.1.0", "", {}, "sha512-bzyZ1e88w9O1iNJbKnOlvYTrWPDl46O1bG0D3XInv+9tkPrxrN8jUUTiFlDkkmKWgn1M6CfIA13SuGqOa9Korw=="],

    "source-map-js": ["source-map-js@1.2.1", "", {}, "sha512-UXWMKhLOwVKb728IUtQPXxfYU+usdybtUrK/8uGE8CQMvrhOpwvzDBwj0QhSL7MQc7vIsISBG8VQ8+IDQxpfQA=="],

    "string-width": ["string-width@4.2.3", "", { "dependencies": { "emoji-regex": "^8.0.0", "is-fullwidth-code-point": "^3.0.0", "strip-ansi": "^6.0.1" } }, "sha512-wKyQRQpjJ0sIp62ErSZdGsjMJWsap5oRNihHhu6G7JVO/9jIB6UyevL+tXuOqrng8j/cxKTWyWUwvSTriiZz/g=="],

    "strip-ansi": ["strip-ansi@6.0.1", "", { "dependencies": { "ansi-regex": "^5.0.1" } }, "sha512-Y38VPSHcqkFrCpFnQ9vuSXmquuv5oXOKpGeT6aGrr3o3Gc9AlVa6JBfUSOCnbxGGZF+/0ooI7KrPuUSztUdU5A=="],

    "tailwindcss": ["tailwindcss@4.1.6", "", {}, "sha512-j0cGLTreM6u4OWzBeLBpycK0WIh8w7kSwcUsQZoGLHZ7xDTdM69lN64AgoIEEwFi0tnhs4wSykUa5YWxAzgFYg=="],

    "tapable": ["tapable@2.2.2", "", {}, "sha512-Re10+NauLTMCudc7T5WLFLAwDhQ0JWdrMK+9B2M8zR5hRExKmsRDCBA7/aV/pNJFltmBFO5BAMlQFi/vq3nKOg=="],

    "tar": ["tar@7.4.3", "", { "dependencies": { "@isaacs/fs-minipass": "^4.0.0", "chownr": "^3.0.0", "minipass": "^7.1.2", "minizlib": "^3.0.1", "mkdirp": "^3.0.1", "yallist": "^5.0.0" } }, "sha512-5S7Va8hKfV7W5U6g3aYxXmlPoZVAwUMy9AOKyF2fVuZa2UD3qZjg578OrLRt8PcNN1PleVaL/5/yYATNL0ICUw=="],

    "tinycolor2": ["tinycolor2@1.6.0", "", {}, "sha512-XPaBkWQJdsf3pLKJV9p4qN/S+fm2Oj8AIPo1BTUhg5oxkvm9+SVEGFdhyOz7tTdUTfvxMiAs4sp6/eZO2Ew+pw=="],

    "tinygradient": ["tinygradient@1.1.5", "", { "dependencies": { "@types/tinycolor2": "^1.4.0", "tinycolor2": "^1.0.0" } }, "sha512-8nIfc2vgQ4TeLnk2lFj4tRLvvJwEfQuabdsmvDdQPT0xlk9TaNtpGd6nNRxXoK6vQhN6RSzj+Cnp5tTQmpxmbw=="],

    "tslib": ["tslib@2.8.1", "", {}, "sha512-oJFu94HQb+KVduSUQL7wnpmqnfmLsOA/nAh6b6EH0wCEoK0/mPeXU6c3wKDV83MkOuHPRHtSXKKU99IBazS/2w=="],

    "typescript": ["typescript@5.9.2", "", { "bin": { "tsc": "bin/tsc", "tsserver": "bin/tsserver" } }, "sha512-CWBzXQrc/qOkhidw1OzBTQuYRbfyxDXJMVJ1XNwUHGROVmuaeiEm3OslpZ1RV96d7SKKjZKrSJu3+t/xlw3R9A=="],

    "undici-types": ["undici-types@7.10.0", "", {}, "sha512-t5Fy/nfn+14LuOc2KNYg75vZqClpAiqscVvMygNnlsHBFpSXdJaYtXMcdNLpl/Qvc3P2cB3s6lOV51nqsFq4ag=="],

    "unist-util-is": ["unist-util-is@6.0.0", "", { "dependencies": { "@types/unist": "^3.0.0" } }, "sha512-2qCTHimwdxLfz+YzdGfkqNlH0tLi9xjTnHddPmJwtIG9MGsdbutfTc4P+haPD7l7Cjxf/WZj+we5qfVPvvxfYw=="],

    "unist-util-visit": ["unist-util-visit@5.0.0", "", { "dependencies": { "@types/unist": "^3.0.0", "unist-util-is": "^6.0.0", "unist-util-visit-parents": "^6.0.0" } }, "sha512-MR04uvD+07cwl/yhVuVWAtw+3GOR/knlL55Nd/wAdblk27GCVt3lqpTivy/tkJcZoNPzTwS1Y+KMojlLDhoTzg=="],

    "unist-util-visit-parents": ["unist-util-visit-parents@6.0.1", "", { "dependencies": { "@types/unist": "^3.0.0", "unist-util-is": "^6.0.0" } }, "sha512-L/PqWzfTP9lzzEa6CKs0k2nARxTdZduw3zyh8d2NVBnsyvHjSX4TWse388YrrQKbvI8w20fGjGlhgT96WwKykw=="],

    "wrap-ansi": ["wrap-ansi@6.2.0", "", { "dependencies": { "ansi-styles": "^4.0.0", "string-width": "^4.1.0", "strip-ansi": "^6.0.0" } }, "sha512-r6lPcBGxZXlIcymEu7InxDMhdW0KDxpLgoFLcguasxCaJ/SOIZwINatK9KY/tf+ZrlywOKU0UDj3ATXUBfxJXA=="],

    "yallist": ["yallist@5.0.0", "", {}, "sha512-YgvUTfwqyc7UXVMrB+SImsVYSmTS8X/tSrtdNZMImM+n7+QTriRXyXim0mBrTXNeqzVF0KWGgHPeiyViFFrNDw=="],

    "yoctocolors-cjs": ["yoctocolors-cjs@2.1.2", "", {}, "sha512-cYVsTjKl8b+FrnidjibDWskAv7UKOfcwaVZdp/it9n1s9fU3IkgDbhdIRKCW4JDsAlECJY0ytoVPT3sK6kideA=="],

    "zod": ["zod@4.1.8", "", {}, "sha512-5R1P+WwQqmmMIEACyzSvo4JXHY5WiAFHRMg+zBZKgKS+Q1viRa0C1hmUKtHltoIFKtIdki3pRxkmpP74jnNYHQ=="],

    "@tailwindcss/oxide-wasm32-wasi/@emnapi/core": ["@emnapi/core@1.4.5", "", { "dependencies": { "@emnapi/wasi-threads": "1.0.4", "tslib": "^2.4.0" }, "bundled": true }, "sha512-XsLw1dEOpkSX/WucdqUhPWP7hDxSvZiY+fsUC14h+FtQ2Ifni4znbBt8punRX+Uj2JG/uDb8nEHVKvrVlvdZ5Q=="],

    "@tailwindcss/oxide-wasm32-wasi/@emnapi/runtime": ["@emnapi/runtime@1.4.5", "", { "dependencies": { "tslib": "^2.4.0" }, "bundled": true }, "sha512-++LApOtY0pEEz1zrd9vy1/zXVaVJJ/EbAF3u0fXIzPJEDtnITsBGbbK0EkM72amhl/R5b+5xx0Y/QhcVOpuulg=="],

    "@tailwindcss/oxide-wasm32-wasi/@emnapi/wasi-threads": ["@emnapi/wasi-threads@1.0.4", "", { "dependencies": { "tslib": "^2.4.0" }, "bundled": true }, "sha512-PJR+bOmMOPH8AtcTGAyYNiuJ3/Fcoj2XN/gBEWzDIKh254XO+mM9XoXHk5GNEhodxeMznbg7BlRojVbKN+gC6g=="],

    "@tailwindcss/oxide-wasm32-wasi/@napi-rs/wasm-runtime": ["@napi-rs/wasm-runtime@0.2.12", "", { "dependencies": { "@emnapi/core": "^1.4.3", "@emnapi/runtime": "^1.4.3", "@tybys/wasm-util": "^0.10.0" }, "bundled": true }, "sha512-ZVWUcfwY4E/yPitQJl481FjFo3K22D6qF0DuFH6Y/nbnE11GY5uguDxZMGXPQ8WQ0128MXQD7TnfHyK4oWoIJQ=="],

    "@tailwindcss/oxide-wasm32-wasi/@tybys/wasm-util": ["@tybys/wasm-util@0.9.0", "", { "dependencies": { "tslib": "^2.4.0" }, "bundled": true }, "sha512-6+7nlbMVX/PVDCwaIQ8nTOPveOcFLSt8GcXdx8hD0bt39uWxYT88uXzqTd4fTvqta7oeUJqudepapKNt2DYJFw=="],

    "@tailwindcss/oxide-wasm32-wasi/tslib": ["tslib@2.8.1", "", { "bundled": true }, "sha512-oJFu94HQb+KVduSUQL7wnpmqnfmLsOA/nAh6b6EH0wCEoK0/mPeXU6c3wKDV83MkOuHPRHtSXKKU99IBazS/2w=="],

    "@tailwindcss/oxide-wasm32-wasi/@napi-rs/wasm-runtime/@tybys/wasm-util": ["@tybys/wasm-util@0.10.0", "", { "dependencies": { "tslib": "^2.4.0" } }, "sha512-VyyPYFlOMNylG45GoAe0xDoLwWuowvf92F9kySqzYh8vmYm7D2u4iUJKa1tOUpS70Ku13ASrOkS4ScXFsTaCNQ=="],
  }
}
